// !$*UTF8*$!
{
	archiveVersion = 1;
	classes = {
	};
	objectVersion = 46;
	objects = {

/* Begin PBXBuildFile section */
		5901F9F81E195A32000BA530 /* Forecast.swift in Sources */ = {isa = PBXBuildFile; fileRef = 5901F9F71E195A32000BA530 /* Forecast.swift */; };
		590ECC4D1E181CDB002EDEA8 /* Constants.swift in Sources */ = {isa = PBXBuildFile; fileRef = 590ECC4C1E181CDB002EDEA8 /* Constants.swift */; };
		590ECC4F1E181F2F002EDEA8 /* CurrentWeather.swift in Sources */ = {isa = PBXBuildFile; fileRef = 590ECC4E1E181F2F002EDEA8 /* CurrentWeather.swift */; };
		592BA8991E19ADEC00975878 /* WeatherCell.swift in Sources */ = {isa = PBXBuildFile; fileRef = 592BA8981E19ADEC00975878 /* WeatherCell.swift */; };
		592BA89B1E19BFE600975878 /* Location.swift in Sources */ = {isa = PBXBuildFile; fileRef = 592BA89A1E19BFE600975878 /* Location.swift */; };
		5994BE931E15CA0D00502B50 /* AppDelegate.swift in Sources */ = {isa = PBXBuildFile; fileRef = 5994BE921E15CA0D00502B50 /* AppDelegate.swift */; };
		5994BE951E15CA0D00502B50 /* WeatherVC.swift in Sources */ = {isa = PBXBuildFile; fileRef = 5994BE941E15CA0D00502B50 /* WeatherVC.swift */; };
		5994BE981E15CA0D00502B50 /* Main.storyboard in Resources */ = {isa = PBXBuildFile; fileRef = 5994BE961E15CA0D00502B50 /* Main.storyboard */; };
		5994BE9A1E15CA0D00502B50 /* Assets.xcassets in Resources */ = {isa = PBXBuildFile; fileRef = 5994BE991E15CA0D00502B50 /* Assets.xcassets */; };
		5994BE9D1E15CA0D00502B50 /* LaunchScreen.storyboard in Resources */ = {isa = PBXBuildFile; fileRef = 5994BE9B1E15CA0D00502B50 /* LaunchScreen.storyboard */; };
		5994BEA81E15CA0D00502B50 /* rainyshinycloudyTests.swift in Sources */ = {isa = PBXBuildFile; fileRef = 5994BEA71E15CA0D00502B50 /* rainyshinycloudyTests.swift */; };
		5994BEB31E15CA0D00502B50 /* rainyshinycloudyUITests.swift in Sources */ = {isa = PBXBuildFile; fileRef = 5994BEB21E15CA0D00502B50 /* rainyshinycloudyUITests.swift */; };
		EEF5E60C096423077A88812F /* Pods_rainyshinycloudy.framework in Frameworks */ = {isa = PBXBuildFile; fileRef = B0BA0A51831FD9902BF06E88 /* Pods_rainyshinycloudy.framework */; };
/* End PBXBuildFile section */

/* Begin PBXContainerItemProxy section */
		5994BEA41E15CA0D00502B50 /* PBXContainerItemProxy */ = {
			isa = PBXContainerItemProxy;
			containerPortal = 5994BE871E15CA0D00502B50 /* Project object */;
			proxyType = 1;
			remoteGlobalIDString = 5994BE8E1E15CA0D00502B50;
			remoteInfo = rainyshinycloudy;
		};
		5994BEAF1E15CA0D00502B50 /* PBXContainerItemProxy */ = {
			isa = PBXContainerItemProxy;
			containerPortal = 5994BE871E15CA0D00502B50 /* Project object */;
			proxyType = 1;
			remoteGlobalIDString = 5994BE8E1E15CA0D00502B50;
			remoteInfo = rainyshinycloudy;
		};
/* End PBXContainerItemProxy section */

/* Begin PBXFileReference section */
		5901F9F71E195A32000BA530 /* Forecast.swift */ = {isa = PBXFileReference; fileEncoding = 4; lastKnownFileType = sourcecode.swift; path = Forecast.swift; sourceTree = "<group>"; };
		590ECC4C1E181CDB002EDEA8 /* Constants.swift */ = {isa = PBXFileReference; fileEncoding = 4; lastKnownFileType = sourcecode.swift; path = Constants.swift; sourceTree = "<group>"; };
		590ECC4E1E181F2F002EDEA8 /* CurrentWeather.swift */ = {isa = PBXFileReference; fileEncoding = 4; lastKnownFileType = sourcecode.swift; path = CurrentWeather.swift; sourceTree = "<group>"; };
		592BA8981E19ADEC00975878 /* WeatherCell.swift */ = {isa = PBXFileReference; fileEncoding = 4; lastKnownFileType = sourcecode.swift; path = WeatherCell.swift; sourceTree = "<group>"; };
		592BA89A1E19BFE600975878 /* Location.swift */ = {isa = PBXFileReference; fileEncoding = 4; lastKnownFileType = sourcecode.swift; path = Location.swift; sourceTree = "<group>"; };
		5994BE8F1E15CA0D00502B50 /* rainyshinycloudy.app */ = {isa = PBXFileReference; explicitFileType = wrapper.application; includeInIndex = 0; path = rainyshinycloudy.app; sourceTree = BUILT_PRODUCTS_DIR; };
		5994BE921E15CA0D00502B50 /* AppDelegate.swift */ = {isa = PBXFileReference; lastKnownFileType = sourcecode.swift; path = AppDelegate.swift; sourceTree = "<group>"; };
		5994BE941E15CA0D00502B50 /* WeatherVC.swift */ = {isa = PBXFileReference; lastKnownFileType = sourcecode.swift; path = WeatherVC.swift; sourceTree = "<group>"; };
		5994BE971E15CA0D00502B50 /* Base */ = {isa = PBXFileReference; lastKnownFileType = file.storyboard; name = Base; path = Base.lproj/Main.storyboard; sourceTree = "<group>"; };
		5994BE991E15CA0D00502B50 /* Assets.xcassets */ = {isa = PBXFileReference; lastKnownFileType = folder.assetcatalog; path = Assets.xcassets; sourceTree = "<group>"; };
		5994BE9C1E15CA0D00502B50 /* Base */ = {isa = PBXFileReference; lastKnownFileType = file.storyboard; name = Base; path = Base.lproj/LaunchScreen.storyboard; sourceTree = "<group>"; };
		5994BE9E1E15CA0D00502B50 /* Info.plist */ = {isa = PBXFileReference; lastKnownFileType = text.plist.xml; path = Info.plist; sourceTree = "<group>"; };
		5994BEA31E15CA0D00502B50 /* rainyshinycloudyTests.xctest */ = {isa = PBXFileReference; explicitFileType = wrapper.cfbundle; includeInIndex = 0; path = rainyshinycloudyTests.xctest; sourceTree = BUILT_PRODUCTS_DIR; };
		5994BEA71E15CA0D00502B50 /* rainyshinycloudyTests.swift */ = {isa = PBXFileReference; lastKnownFileType = sourcecode.swift; path = rainyshinycloudyTests.swift; sourceTree = "<group>"; };
		5994BEA91E15CA0D00502B50 /* Info.plist */ = {isa = PBXFileReference; lastKnownFileType = text.plist.xml; path = Info.plist; sourceTree = "<group>"; };
		5994BEAE1E15CA0D00502B50 /* rainyshinycloudyUITests.xctest */ = {isa = PBXFileReference; explicitFileType = wrapper.cfbundle; includeInIndex = 0; path = rainyshinycloudyUITests.xctest; sourceTree = BUILT_PRODUCTS_DIR; };
		5994BEB21E15CA0D00502B50 /* rainyshinycloudyUITests.swift */ = {isa = PBXFileReference; lastKnownFileType = sourcecode.swift; path = rainyshinycloudyUITests.swift; sourceTree = "<group>"; };
		5994BEB41E15CA0D00502B50 /* Info.plist */ = {isa = PBXFileReference; lastKnownFileType = text.plist.xml; path = Info.plist; sourceTree = "<group>"; };
		7815A915284C71C910A6D1D6 /* Pods-rainyshinycloudy.release.xcconfig */ = {isa = PBXFileReference; includeInIndex = 1; lastKnownFileType = text.xcconfig; name = "Pods-rainyshinycloudy.release.xcconfig"; path = "Pods/Target Support Files/Pods-rainyshinycloudy/Pods-rainyshinycloudy.release.xcconfig"; sourceTree = "<group>"; };
		A9A0E812BCE984ED5316AAC6 /* Pods-rainyshinycloudy.debug.xcconfig */ = {isa = PBXFileReference; includeInIndex = 1; lastKnownFileType = text.xcconfig; name = "Pods-rainyshinycloudy.debug.xcconfig"; path = "Pods/Target Support Files/Pods-rainyshinycloudy/Pods-rainyshinycloudy.debug.xcconfig"; sourceTree = "<group>"; };
		B0BA0A51831FD9902BF06E88 /* Pods_rainyshinycloudy.framework */ = {isa = PBXFileReference; explicitFileType = wrapper.framework; includeInIndex = 0; path = Pods_rainyshinycloudy.framework; sourceTree = BUILT_PRODUCTS_DIR; };
/* End PBXFileReference section */

/* Begin PBXFrameworksBuildPhase section */
		5994BE8C1E15CA0D00502B50 /* Frameworks */ = {
			isa = PBXFrameworksBuildPhase;
			buildActionMask = 2147483647;
			files = (
				EEF5E60C096423077A88812F /* Pods_rainyshinycloudy.framework in Frameworks */,
			);
			runOnlyForDeploymentPostprocessing = 0;
		};
		5994BEA01E15CA0D00502B50 /* Frameworks */ = {
			isa = PBXFrameworksBuildPhase;
			buildActionMask = 2147483647;
			files = (
			);
			runOnlyForDeploymentPostprocessing = 0;
		};
		5994BEAB1E15CA0D00502B50 /* Frameworks */ = {
			isa = PBXFrameworksBuildPhase;
			buildActionMask = 2147483647;
			files = (
			);
			runOnlyForDeploymentPostprocessing = 0;
		};
/* End PBXFrameworksBuildPhase section */

/* Begin PBXGroup section */
		2F317E38325229EDEB9B444A /* Frameworks */ = {
			isa = PBXGroup;
			children = (
				B0BA0A51831FD9902BF06E88 /* Pods_rainyshinycloudy.framework */,
			);
			name = Frameworks;
			sourceTree = "<group>";
		};
		5994BE861E15CA0D00502B50 = {
			isa = PBXGroup;
			children = (
				5994BE911E15CA0D00502B50 /* rainyshinycloudy */,
				5994BEA61E15CA0D00502B50 /* rainyshinycloudyTests */,
				5994BEB11E15CA0D00502B50 /* rainyshinycloudyUITests */,
				5994BE901E15CA0D00502B50 /* Products */,
				8E82CC17FDD159CAC165BDFB /* Pods */,
				2F317E38325229EDEB9B444A /* Frameworks */,
			);
			sourceTree = "<group>";
		};
		5994BE901E15CA0D00502B50 /* Products */ = {
			isa = PBXGroup;
			children = (
				5994BE8F1E15CA0D00502B50 /* rainyshinycloudy.app */,
				5994BEA31E15CA0D00502B50 /* rainyshinycloudyTests.xctest */,
				5994BEAE1E15CA0D00502B50 /* rainyshinycloudyUITests.xctest */,
			);
			name = Products;
			sourceTree = "<group>";
		};
		5994BE911E15CA0D00502B50 /* rainyshinycloudy */ = {
			isa = PBXGroup;
			children = (
				5994BE921E15CA0D00502B50 /* AppDelegate.swift */,
				5994BE941E15CA0D00502B50 /* WeatherVC.swift */,
				5994BE961E15CA0D00502B50 /* Main.storyboard */,
				5994BE991E15CA0D00502B50 /* Assets.xcassets */,
				5994BE9B1E15CA0D00502B50 /* LaunchScreen.storyboard */,
				5994BE9E1E15CA0D00502B50 /* Info.plist */,
				590ECC4C1E181CDB002EDEA8 /* Constants.swift */,
				590ECC4E1E181F2F002EDEA8 /* CurrentWeather.swift */,
				5901F9F71E195A32000BA530 /* Forecast.swift */,
				592BA8981E19ADEC00975878 /* WeatherCell.swift */,
				592BA89A1E19BFE600975878 /* Location.swift */,
			);
			path = rainyshinycloudy;
			sourceTree = "<group>";
		};
		5994BEA61E15CA0D00502B50 /* rainyshinycloudyTests */ = {
			isa = PBXGroup;
			children = (
				5994BEA71E15CA0D00502B50 /* rainyshinycloudyTests.swift */,
				5994BEA91E15CA0D00502B50 /* Info.plist */,
			);
			path = rainyshinycloudyTests;
			sourceTree = "<group>";
		};
		5994BEB11E15CA0D00502B50 /* rainyshinycloudyUITests */ = {
			isa = PBXGroup;
			children = (
				5994BEB21E15CA0D00502B50 /* rainyshinycloudyUITests.swift */,
				5994BEB41E15CA0D00502B50 /* Info.plist */,
			);
			path = rainyshinycloudyUITests;
			sourceTree = "<group>";
		};
		8E82CC17FDD159CAC165BDFB /* Pods */ = {
			isa = PBXGroup;
			children = (
				A9A0E812BCE984ED5316AAC6 /* Pods-rainyshinycloudy.debug.xcconfig */,
				7815A915284C71C910A6D1D6 /* Pods-rainyshinycloudy.release.xcconfig */,
			);
			name = Pods;
			sourceTree = "<group>";
		};
/* End PBXGroup section */

/* Begin PBXNativeTarget section */
		5994BE8E1E15CA0D00502B50 /* rainyshinycloudy */ = {
			isa = PBXNativeTarget;
			buildConfigurationList = 5994BEB71E15CA0D00502B50 /* Build configuration list for PBXNativeTarget "rainyshinycloudy" */;
			buildPhases = (
				D173FB38F72003930BFA1B13 /* [CP] Check Pods Manifest.lock */,
				5994BE8B1E15CA0D00502B50 /* Sources */,
				5994BE8C1E15CA0D00502B50 /* Frameworks */,
				5994BE8D1E15CA0D00502B50 /* Resources */,
				E82C2B14BAE16A218B4D965E /* [CP] Embed Pods Frameworks */,
				FD374DBF4E7E9C950CAE994B /* [CP] Copy Pods Resources */,
			);
			buildRules = (
			);
			dependencies = (
			);
			name = rainyshinycloudy;
			productName = rainyshinycloudy;
			productReference = 5994BE8F1E15CA0D00502B50 /* rainyshinycloudy.app */;
			productType = "com.apple.product-type.application";
		};
		5994BEA21E15CA0D00502B50 /* rainyshinycloudyTests */ = {
			isa = PBXNativeTarget;
			buildConfigurationList = 5994BEBA1E15CA0D00502B50 /* Build configuration list for PBXNativeTarget "rainyshinycloudyTests" */;
			buildPhases = (
				5994BE9F1E15CA0D00502B50 /* Sources */,
				5994BEA01E15CA0D00502B50 /* Frameworks */,
				5994BEA11E15CA0D00502B50 /* Resources */,
			);
			buildRules = (
			);
			dependencies = (
				5994BEA51E15CA0D00502B50 /* PBXTargetDependency */,
			);
			name = rainyshinycloudyTests;
			productName = rainyshinycloudyTests;
			productReference = 5994BEA31E15CA0D00502B50 /* rainyshinycloudyTests.xctest */;
			productType = "com.apple.product-type.bundle.unit-test";
		};
		5994BEAD1E15CA0D00502B50 /* rainyshinycloudyUITests */ = {
			isa = PBXNativeTarget;
			buildConfigurationList = 5994BEBD1E15CA0D00502B50 /* Build configuration list for PBXNativeTarget "rainyshinycloudyUITests" */;
			buildPhases = (
				5994BEAA1E15CA0D00502B50 /* Sources */,
				5994BEAB1E15CA0D00502B50 /* Frameworks */,
				5994BEAC1E15CA0D00502B50 /* Resources */,
			);
			buildRules = (
			);
			dependencies = (
				5994BEB01E15CA0D00502B50 /* PBXTargetDependency */,
			);
			name = rainyshinycloudyUITests;
			productName = rainyshinycloudyUITests;
			productReference = 5994BEAE1E15CA0D00502B50 /* rainyshinycloudyUITests.xctest */;
			productType = "com.apple.product-type.bundle.ui-testing";
		};
/* End PBXNativeTarget section */

/* Begin PBXProject section */
		5994BE871E15CA0D00502B50 /* Project object */ = {
			isa = PBXProject;
			attributes = {
				LastSwiftUpdateCheck = 0820;
				LastUpgradeCheck = 0820;
				ORGANIZATIONNAME = "Joe Mahaffey";
				TargetAttributes = {
					5994BE8E1E15CA0D00502B50 = {
						CreatedOnToolsVersion = 8.2.1;
						DevelopmentTeam = KN9R6WVHS8;
						ProvisioningStyle = Automatic;
					};
					5994BEA21E15CA0D00502B50 = {
						CreatedOnToolsVersion = 8.2.1;
						DevelopmentTeam = KN9R6WVHS8;
						ProvisioningStyle = Automatic;
						TestTargetID = 5994BE8E1E15CA0D00502B50;
					};
					5994BEAD1E15CA0D00502B50 = {
						CreatedOnToolsVersion = 8.2.1;
						DevelopmentTeam = KN9R6WVHS8;
						ProvisioningStyle = Automatic;
						TestTargetID = 5994BE8E1E15CA0D00502B50;
					};
				};
			};
			buildConfigurationList = 5994BE8A1E15CA0D00502B50 /* Build configuration list for PBXProject "rainyshinycloudy" */;
			compatibilityVersion = "Xcode 3.2";
			developmentRegion = English;
			hasScannedForEncodings = 0;
			knownRegions = (
				en,
				Base,
			);
			mainGroup = 5994BE861E15CA0D00502B50;
			productRefGroup = 5994BE901E15CA0D00502B50 /* Products */;
			projectDirPath = "";
			projectRoot = "";
			targets = (
				5994BE8E1E15CA0D00502B50 /* rainyshinycloudy */,
				5994BEA21E15CA0D00502B50 /* rainyshinycloudyTests */,
				5994BEAD1E15CA0D00502B50 /* rainyshinycloudyUITests */,
			);
		};
/* End PBXProject section */

/* Begin PBXResourcesBuildPhase section */
		5994BE8D1E15CA0D00502B50 /* Resources */ = {
			isa = PBXResourcesBuildPhase;
			buildActionMask = 2147483647;
			files = (
				5994BE9D1E15CA0D00502B50 /* LaunchScreen.storyboard in Resources */,
				5994BE9A1E15CA0D00502B50 /* Assets.xcassets in Resources */,
				5994BE981E15CA0D00502B50 /* Main.storyboard in Resources */,
			);
			runOnlyForDeploymentPostprocessing = 0;
		};
		5994BEA11E15CA0D00502B50 /* Resources */ = {
			isa = PBXResourcesBuildPhase;
			buildActionMask = 2147483647;
			files = (
			);
			runOnlyForDeploymentPostprocessing = 0;
		};
		5994BEAC1E15CA0D00502B50 /* Resources */ = {
			isa = PBXResourcesBuildPhase;
			buildActionMask = 2147483647;
			files = (
			);
			runOnlyForDeploymentPostprocessing = 0;
		};
/* End PBXResourcesBuildPhase section */

/* Begin PBXShellScriptBuildPhase section */
		D173FB38F72003930BFA1B13 /* [CP] Check Pods Manifest.lock */ = {
			isa = PBXShellScriptBuildPhase;
			buildActionMask = 2147483647;
			files = (
			);
			inputPaths = (
			);
			name = "[CP] Check Pods Manifest.lock";
			outputPaths = (
			);
			runOnlyForDeploymentPostprocessing = 0;
			shellPath = /bin/sh;
			shellScript = "diff \"${PODS_ROOT}/../Podfile.lock\" \"${PODS_ROOT}/Manifest.lock\" > /dev/null\nif [ $? != 0 ] ; then\n    # print error to STDERR\n    echo \"error: The sandbox is not in sync with the Podfile.lock. Run 'pod install' or update your CocoaPods installation.\" >&2\n    exit 1\nfi\n";
			showEnvVarsInLog = 0;
		};
		E82C2B14BAE16A218B4D965E /* [CP] Embed Pods Frameworks */ = {
			isa = PBXShellScriptBuildPhase;
			buildActionMask = 2147483647;
			files = (
			);
			inputPaths = (
			);
			name = "[CP] Embed Pods Frameworks";
			outputPaths = (
			);
			runOnlyForDeploymentPostprocessing = 0;
			shellPath = /bin/sh;
			shellScript = "\"${SRCROOT}/Pods/Target Support Files/Pods-rainyshinycloudy/Pods-rainyshinycloudy-frameworks.sh\"\n";
			showEnvVarsInLog = 0;
		};
		FD374DBF4E7E9C950CAE994B /* [CP] Copy Pods Resources */ = {
			isa = PBXShellScriptBuildPhase;
			buildActionMask = 2147483647;
			files = (
			);
			inputPaths = (
			);
			name = "[CP] Copy Pods Resources";
			outputPaths = (
			);
			runOnlyForDeploymentPostprocessing = 0;
			shellPath = /bin/sh;
			shellScript = "\"${SRCROOT}/Pods/Target Support Files/Pods-rainyshinycloudy/Pods-rainyshinycloudy-resources.sh\"\n";
			showEnvVarsInLog = 0;
		};
/* End PBXShellScriptBuildPhase section */

/* Begin PBXSourcesBuildPhase section */
		5994BE8B1E15CA0D00502B50 /* Sources */ = {
			isa = PBXSourcesBuildPhase;
			buildActionMask = 2147483647;
			files = (
				5994BE951E15CA0D00502B50 /* WeatherVC.swift in Sources */,
				5994BE931E15CA0D00502B50 /* AppDelegate.swift in Sources */,
				592BA8991E19ADEC00975878 /* WeatherCell.swift in Sources */,
				590ECC4F1E181F2F002EDEA8 /* CurrentWeather.swift in Sources */,
				590ECC4D1E181CDB002EDEA8 /* Constants.swift in Sources */,
				5901F9F81E195A32000BA530 /* Forecast.swift in Sources */,
				592BA89B1E19BFE600975878 /* Location.swift in Sources */,
			);
			runOnlyForDeploymentPostprocessing = 0;
		};
		5994BE9F1E15CA0D00502B50 /* Sources */ = {
			isa = PBXSourcesBuildPhase;
			buildActionMask = 2147483647;
			files = (
				5994BEA81E15CA0D00502B50 /* rainyshinycloudyTests.swift in Sources */,
			);
			runOnlyForDeploymentPostprocessing = 0;
		};
		5994BEAA1E15CA0D00502B50 /* Sources */ = {
			isa = PBXSourcesBuildPhase;
			buildActionMask = 2147483647;
			files = (
				5994BEB31E15CA0D00502B50 /* rainyshinycloudyUITests.swift in Sources */,
			);
			runOnlyForDeploymentPostprocessing = 0;
		};
/* End PBXSourcesBuildPhase section */

/* Begin PBXTargetDependency section */
		5994BEA51E15CA0D00502B50 /* PBXTargetDependency */ = {
			isa = PBXTargetDependency;
			target = 5994BE8E1E15CA0D00502B50 /* rainyshinycloudy */;
			targetProxy = 5994BEA41E15CA0D00502B50 /* PBXContainerItemProxy */;
		};
		5994BEB01E15CA0D00502B50 /* PBXTargetDependency */ = {
			isa = PBXTargetDependency;
			target = 5994BE8E1E15CA0D00502B50 /* rainyshinycloudy */;
			targetProxy = 5994BEAF1E15CA0D00502B50 /* PBXContainerItemProxy */;
		};
/* End PBXTargetDependency section */

/* Begin PBXVariantGroup section */
		5994BE961E15CA0D00502B50 /* Main.storyboard */ = {
			isa = PBXVariantGroup;
			children = (
				5994BE971E15CA0D00502B50 /* Base */,
			);
			name = Main.storyboard;
			sourceTree = "<group>";
		};
		5994BE9B1E15CA0D00502B50 /* LaunchScreen.storyboard */ = {
			isa = PBXVariantGroup;
			children = (
				5994BE9C1E15CA0D00502B50 /* Base */,
			);
			name = LaunchScreen.storyboard;
			sourceTree = "<group>";
		};
/* End PBXVariantGroup section */

/* Begin XCBuildConfiguration section */
		5994BEB51E15CA0D00502B50 /* Debug */ = {
			isa = XCBuildConfiguration;
			buildSettings = {
				ALWAYS_SEARCH_USER_PATHS = NO;
				CLANG_ANALYZER_NONNULL = YES;
				CLANG_CXX_LANGUAGE_STANDARD = "gnu++0x";
				CLANG_CXX_LIBRARY = "libc++";
				CLANG_ENABLE_MODULES = YES;
				CLANG_ENABLE_OBJC_ARC = YES;
				CLANG_WARN_BOOL_CONVERSION = YES;
				CLANG_WARN_CONSTANT_CONVERSION = YES;
				CLANG_WARN_DIRECT_OBJC_ISA_USAGE = YES_ERROR;
				CLANG_WARN_DOCUMENTATION_COMMENTS = YES;
				CLANG_WARN_EMPTY_BODY = YES;
				CLANG_WARN_ENUM_CONVERSION = YES;
				CLANG_WARN_INFINITE_RECURSION = YES;
				CLANG_WARN_INT_CONVERSION = YES;
				CLANG_WARN_OBJC_ROOT_CLASS = YES_ERROR;
				CLANG_WARN_SUSPICIOUS_MOVE = YES;
				CLANG_WARN_UNREACHABLE_CODE = YES;
				CLANG_WARN__DUPLICATE_METHOD_MATCH = YES;
				"CODE_SIGN_IDENTITY[sdk=iphoneos*]" = "iPhone Developer";
				COPY_PHASE_STRIP = NO;
				DEBUG_INFORMATION_FORMAT = dwarf;
				ENABLE_STRICT_OBJC_MSGSEND = YES;
				ENABLE_TESTABILITY = YES;
				GCC_C_LANGUAGE_STANDARD = gnu99;
				GCC_DYNAMIC_NO_PIC = NO;
				GCC_NO_COMMON_BLOCKS = YES;
				GCC_OPTIMIZATION_LEVEL = 0;
				GCC_PREPROCESSOR_DEFINITIONS = (
					"DEBUG=1",
					"$(inherited)",
				);
				GCC_WARN_64_TO_32_BIT_CONVERSION = YES;
				GCC_WARN_ABOUT_RETURN_TYPE = YES_ERROR;
				GCC_WARN_UNDECLARED_SELECTOR = YES;
				GCC_WARN_UNINITIALIZED_AUTOS = YES_AGGRESSIVE;
				GCC_WARN_UNUSED_FUNCTION = YES;
				GCC_WARN_UNUSED_VARIABLE = YES;
				IPHONEOS_DEPLOYMENT_TARGET = 10.2;
				MTL_ENABLE_DEBUG_INFO = YES;
				ONLY_ACTIVE_ARCH = YES;
				SDKROOT = iphoneos;
				SWIFT_ACTIVE_COMPILATION_CONDITIONS = DEBUG;
				SWIFT_OPTIMIZATION_LEVEL = "-Onone";
				TARGETED_DEVICE_FAMILY = "1,2";
			};
			name = Debug;
		};
		5994BEB61E15CA0D00502B50 /* Release */ = {
			isa = XCBuildConfiguration;
			buildSettings = {
				ALWAYS_SEARCH_USER_PATHS = NO;
				CLANG_ANALYZER_NONNULL = YES;
				CLANG_CXX_LANGUAGE_STANDARD = "gnu++0x";
				CLANG_CXX_LIBRARY = "libc++";
				CLANG_ENABLE_MODULES = YES;
				CLANG_ENABLE_OBJC_ARC = YES;
				CLANG_WARN_BOOL_CONVERSION = YES;
				CLANG_WARN_CONSTANT_CONVERSION = YES;
				CLANG_WARN_DIRECT_OBJC_ISA_USAGE = YES_ERROR;
				CLANG_WARN_DOCUMENTATION_COMMENTS = YES;
				CLANG_WARN_EMPTY_BODY = YES;
				CLANG_WARN_ENUM_CONVERSION = YES;
				CLANG_WARN_INFINITE_RECURSION = YES;
				CLANG_WARN_INT_CONVERSION = YES;
				CLANG_WARN_OBJC_ROOT_CLASS = YES_ERROR;
				CLANG_WARN_SUSPICIOUS_MOVE = YES;
				CLANG_WARN_UNREACHABLE_CODE = YES;
				CLANG_WARN__DUPLICATE_METHOD_MATCH = YES;
				"CODE_SIGN_IDENTITY[sdk=iphoneos*]" = "iPhone Developer";
				COPY_PHASE_STRIP = NO;
				DEBUG_INFORMATION_FORMAT = "dwarf-with-dsym";
				ENABLE_NS_ASSERTIONS = NO;
				ENABLE_STRICT_OBJC_MSGSEND = YES;
				GCC_C_LANGUAGE_STANDARD = gnu99;
				GCC_NO_COMMON_BLOCKS = YES;
				GCC_WARN_64_TO_32_BIT_CONVERSION = YES;
				GCC_WARN_ABOUT_RETURN_TYPE = YES_ERROR;
				GCC_WARN_UNDECLARED_SELECTOR = YES;
				GCC_WARN_UNINITIALIZED_AUTOS = YES_AGGRESSIVE;
				GCC_WARN_UNUSED_FUNCTION = YES;
				GCC_WARN_UNUSED_VARIABLE = YES;
				IPHONEOS_DEPLOYMENT_TARGET = 10.2;
				MTL_ENABLE_DEBUG_INFO = NO;
				SDKROOT = iphoneos;
				SWIFT_OPTIMIZATION_LEVEL = "-Owholemodule";
				TARGETED_DEVICE_FAMILY = "1,2";
				VALIDATE_PRODUCT = YES;
			};
			name = Release;
		};
		5994BEB81E15CA0D00502B50 /* Debug */ = {
			isa = XCBuildConfiguration;
			baseConfigurationReference = A9A0E812BCE984ED5316AAC6 /* Pods-rainyshinycloudy.debug.xcconfig */;
			buildSettings = {
				ALWAYS_EMBED_SWIFT_STANDARD_LIBRARIES = YES;
				ASSETCATALOG_COMPILER_APPICON_NAME = AppIcon;
				DEVELOPMENT_TEAM = KN9R6WVHS8;
				INFOPLIST_FILE = rainyshinycloudy/Info.plist;
				LD_RUNPATH_SEARCH_PATHS = "$(inherited) @executable_path/Frameworks";
				PRODUCT_BUNDLE_IDENTIFIER = com.joemahaffey.rainyshinycloudy;
				PRODUCT_NAME = "$(TARGET_NAME)";
				SWIFT_VERSION = 3.0;
				TARGETED_DEVICE_FAMILY = 1;
			};
			name = Debug;
		};
		5994BEB91E15CA0D00502B50 /* Release */ = {
			isa = XCBuildConfiguration;
			baseConfigurationReference = 7815A915284C71C910A6D1D6 /* Pods-rainyshinycloudy.release.xcconfig */;
			buildSettings = {
				ALWAYS_EMBED_SWIFT_STANDARD_LIBRARIES = YES;
				ASSETCATALOG_COMPILER_APPICON_NAME = AppIcon;
				DEVELOPMENT_TEAM = KN9R6WVHS8;
				INFOPLIST_FILE = rainyshinycloudy/Info.plist;
				LD_RUNPATH_SEARCH_PATHS = "$(inherited) @executable_path/Frameworks";
				PRODUCT_BUNDLE_IDENTIFIER = com.joemahaffey.rainyshinycloudy;
				PRODUCT_NAME = "$(TARGET_NAME)";
				SWIFT_VERSION = 3.0;
				TARGETED_DEVICE_FAMILY = 1;
			};
			name = Release;
		};
		5994BEBB1E15CA0D00502B50 /* Debug */ = {
			isa = XCBuildConfiguration;
			buildSettings = {
				ALWAYS_EMBED_SWIFT_STANDARD_LIBRARIES = YES;
				BUNDLE_LOADER = "$(TEST_HOST)";
				DEVELOPMENT_TEAM = KN9R6WVHS8;
				INFOPLIST_FILE = rainyshinycloudyTests/Info.plist;
				LD_RUNPATH_SEARCH_PATHS = "$(inherited) @executable_path/Frameworks @loader_path/Frameworks";
				PRODUCT_BUNDLE_IDENTIFIER = com.joemahaffey.rainyshinycloudyTests;
				PRODUCT_NAME = "$(TARGET_NAME)";
				SWIFT_VERSION = 3.0;
				TEST_HOST = "$(BUILT_PRODUCTS_DIR)/rainyshinycloudy.app/rainyshinycloudy";
			};
			name = Debug;
		};
		5994BEBC1E15CA0D00502B50 /* Release */ = {
			isa = XCBuildConfiguration;
			buildSettings = {
				ALWAYS_EMBED_SWIFT_STANDARD_LIBRARIES = YES;
				BUNDLE_LOADER = "$(TEST_HOST)";
				DEVELOPMENT_TEAM = KN9R6WVHS8;
				INFOPLIST_FILE = rainyshinycloudyTests/Info.plist;
				LD_RUNPATH_SEARCH_PATHS = "$(inherited) @executable_path/Frameworks @loader_path/Frameworks";
				PRODUCT_BUNDLE_IDENTIFIER = com.joemahaffey.rainyshinycloudyTests;
				PRODUCT_NAME = "$(TARGET_NAME)";
				SWIFT_VERSION = 3.0;
				TEST_HOST = "$(BUILT_PRODUCTS_DIR)/rainyshinycloudy.app/rainyshinycloudy";
			};
			name = Release;
		};
		5994BEBE1E15CA0D00502B50 /* Debug */ = {
			isa = XCBuildConfiguration;
			buildSettings = {
				ALWAYS_EMBED_SWIFT_STANDARD_LIBRARIES = YES;
				DEVELOPMENT_TEAM = KN9R6WVHS8;
				INFOPLIST_FILE = rainyshinycloudyUITests/Info.plist;
				LD_RUNPATH_SEARCH_PATHS = "$(inherited) @executable_path/Frameworks @loader_path/Frameworks";
				PRODUCT_BUNDLE_IDENTIFIER = com.joemahaffey.rainyshinycloudyUITests;
				PRODUCT_NAME = "$(TARGET_NAME)";
				SWIFT_VERSION = 3.0;
				TEST_TARGET_NAME = rainyshinycloudy;
			};
			name = Debug;
		};
		5994BEBF1E15CA0D00502B50 /* Release */ = {
			isa = XCBuildConfiguration;
			buildSettings = {
				ALWAYS_EMBED_SWIFT_STANDARD_LIBRARIES = YES;
				DEVELOPMENT_TEAM = KN9R6WVHS8;
				INFOPLIST_FILE = rainyshinycloudyUITests/Info.plist;
				LD_RUNPATH_SEARCH_PATHS = "$(inherited) @executable_path/Frameworks @loader_path/Frameworks";
				PRODUCT_BUNDLE_IDENTIFIER = com.joemahaffey.rainyshinycloudyUITests;
				PRODUCT_NAME = "$(TARGET_NAME)";
				SWIFT_VERSION = 3.0;
				TEST_TARGET_NAME = rainyshinycloudy;
			};
			name = Release;
		};
/* End XCBuildConfiguration section */

/* Begin XCConfigurationList section */
		5994BE8A1E15CA0D00502B50 /* Build configuration list for PBXProject "rainyshinycloudy" */ = {
			isa = XCConfigurationList;
			buildConfigurations = (
				5994BEB51E15CA0D00502B50 /* Debug */,
				5994BEB61E15CA0D00502B50 /* Release */,
			);
			defaultConfigurationIsVisible = 0;
			defaultConfigurationName = Release;
		};
		5994BEB71E15CA0D00502B50 /* Build configuration list for PBXNativeTarget "rainyshinycloudy" */ = {
			isa = XCConfigurationList;
			buildConfigurations = (
				5994BEB81E15CA0D00502B50 /* Debug */,
				5994BEB91E15CA0D00502B50 /* Release */,
			);
			defaultConfigurationIsVisible = 0;
			defaultConfigurationName = Release;
		};
		5994BEBA1E15CA0D00502B50 /* Build configuration list for PBXNativeTarget "rainyshinycloudyTests" */ = {
			isa = XCConfigurationList;
			buildConfigurations = (
				5994BEBB1E15CA0D00502B50 /* Debug */,
				5994BEBC1E15CA0D00502B50 /* Release */,
			);
			defaultConfigurationIsVisible = 0;
			defaultConfigurationName = Release;
		};
		5994BEBD1E15CA0D00502B50 /* Build configuration list for PBXNativeTarget "rainyshinycloudyUITests" */ = {
			isa = XCConfigurationList;
			buildConfigurations = (
				5994BEBE1E15CA0D00502B50 /* Debug */,
				5994BEBF1E15CA0D00502B50 /* Release */,
			);
			defaultConfigurationIsVisible = 0;
			defaultConfigurationName = Release;
		};
/* End XCConfigurationList section */
	};
	rootObject = 5994BE871E15CA0D00502B50 /* Project object */;
}
